Microsoft Visual Studio Solution File, Format Version 12.00
# Visual Studio Version 17
VisualStudioVersion = 17.5.2.0
MinimumVisualStudioVersion = 10.0.40219.1
Project("{FAE04EC0-301F-11D3-BF4B-00C04F79EFBC}") = "IMC", "IMC.csproj", "{7DB37B31-C1E7-BF39-9DA8-56E4E44E1D92}"
EndProject
Global
	GlobalSection(SolutionConfigurationPlatforms) = preSolution
		Debug|Any CPU = Debug|Any CPU
		Release|Any CPU = Release|Any CPU
	EndGlobalSection
	GlobalSection(ProjectConfigurationPlatforms) = postSolution
		{7DB37B31-C1E7-BF39-9DA8-56E4E44E1D92}.Debug|Any CPU.ActiveCfg = Debug|Any CPU
		{7DB37B31-C1E7-BF39-9DA8-56E4E44E1D92}.Debug|Any CPU.Build.0 = Debug|Any CPU
		{7DB37B31-C1E7-BF39-9DA8-56E4E44E1D92}.Release|Any CPU.ActiveCfg = Release|Any CPU
		{7DB37B31-C1E7-BF39-9DA8-56E4E44E1D92}.Release|Any CPU.Build.0 = Release|Any CPU
	EndGlobalSection
	GlobalSection(SolutionProperties) = preSolution
		HideSolutionNode = FALSE
	EndGlobalSection
	GlobalSection(ExtensibilityGlobals) = postSolution
		SolutionGuid = {835DE846-6C12-4B6A-8364-7C61E350F520}
	EndGlobalSection
EndGlobal
